{
  "name": "sf2ts",
  "version": "0.0.1",
  "lockfileVersion": 3,
  "requires": true,
  "packages": {
    "": {
      "name": "sf2ts",
      "version": "0.0.1",
      "license": "MIT",
      "dependencies": {
        "node-resolve-ts": "^1.0.2",
        "web-tree-sitter-sfapex": "^2.3.0",
        "xml2js": "^0.6.2"
      },
      "devDependencies": {
        "@types/xml2js": "^0.4.14",
        "typescript": "^5.7.2"
      }
    },
    "node_modules/@types/node": {
      "version": "22.10.2",
      "resolved": "https://registry.npmjs.org/@types/node/-/node-22.10.2.tgz",
      "integrity": "sha512-Xxr6BBRCAOQixvonOye19wnzyDiUtTeqldOOmj3CkeblonbccA12PFwlufvRdrpjXxqnmUaeiU5EOA+7s5diUQ==",
      "dev": true,
      "license": "MIT",
      "dependencies": {
        "undici-types": "~6.20.0"
      }
    },
    "node_modules/@types/xml2js": {
      "version": "0.4.14",
      "resolved": "https://registry.npmjs.org/@types/xml2js/-/xml2js-0.4.14.tgz",
      "integrity": "sha512-4YnrRemBShWRO2QjvUin8ESA41rH+9nQGLUGZV/1IDhi3SL9OhdpNC/MrulTWuptXKwhx/aDxE7toV0f/ypIXQ==",
      "dev": true,
      "license": "MIT",
      "dependencies": {
        "@types/node": "*"
      }
    },
    "node_modules/node-resolve-ts": {
      "version": "1.0.2",
      "resolved": "https://registry.npmjs.org/node-resolve-ts/-/node-resolve-ts-1.0.2.tgz",
      "integrity": "sha512-OXr7jYcmWWhO0Bb4eyK7Rwi9PbWRy5+Ie7bRIL+tlD4hdkVf/HMNoZhF/ze5H31eMBee8NSVwfxSpb/WwpJt6g==",
      "license": "ISC"
    },
    "node_modules/sax": {
      "version": "1.4.1",
      "resolved": "https://registry.npmjs.org/sax/-/sax-1.4.1.tgz",
      "integrity": "sha512-+aWOz7yVScEGoKNd4PA10LZ8sk0A/z5+nXQG5giUO5rprX9jgYsTdov9qCchZiPIZezbZH+jRut8nPodFAX4Jg==",
      "license": "ISC"
    },
    "node_modules/typescript": {
      "version": "5.7.2",
      "resolved": "https://registry.npmjs.org/typescript/-/typescript-5.7.2.tgz",
      "integrity": "sha512-i5t66RHxDvVN40HfDd1PsEThGNnlMCMT3jMUuoh9/0TaqWevNontacunWyN02LA9/fIbEWlcHZcgTKb9QoaLfg==",
      "dev": true,
      "license": "Apache-2.0",
      "bin": {
        "tsc": "bin/tsc",
        "tsserver": "bin/tsserver"
      },
      "engines": {
        "node": ">=14.17"
      }
    },
    "node_modules/undici-types": {
      "version": "6.20.0",
      "resolved": "https://registry.npmjs.org/undici-types/-/undici-types-6.20.0.tgz",
      "integrity": "sha512-Ny6QZ2Nju20vw1SRHe3d9jVu6gJ+4e3+MMpqu7pqE5HT6WsTSlce++GQmK5UXS8mzV8DSYHrQH+Xrf2jVcuKNg==",
      "dev": true,
      "license": "MIT"
    },
    "node_modules/web-tree-sitter": {
      "version": "0.23.2",
      "resolved": "https://registry.npmjs.org/web-tree-sitter/-/web-tree-sitter-0.23.2.tgz",
      "integrity": "sha512-BMZtm7sKtnmTGO7L4pcFOBidVlBxL+aUxm0O5yr3nKf5Fqz8RyvTOSjWFtqmzScyak/YFq9f5PSMRdhg2WXAJQ==",
      "license": "MIT"
    },
    "node_modules/web-tree-sitter-sfapex": {
      "version": "2.3.0",
      "resolved": "https://registry.npmjs.org/web-tree-sitter-sfapex/-/web-tree-sitter-sfapex-2.3.0.tgz",
      "integrity": "sha512-uTNEMHO0jsk9B3hRPJMylHC16o5LTEE1AdVId7p36DKIJIghKJOJ/nQ4UWDKWlYap/0TfLuM5ECT5ZL7lqCXjg==",
      "license": "MIT",
      "dependencies": {
        "web-tree-sitter": "^0.23.2"
      }
    },
    "node_modules/xml2js": {
      "version": "0.6.2",
      "resolved": "https://registry.npmjs.org/xml2js/-/xml2js-0.6.2.tgz",
      "integrity": "sha512-T4rieHaC1EXcES0Kxxj4JWgaUQHDk+qwHcYOCFHfiwKz7tOVPLq7Hjq9dM1WCMhylqMEfP7hMcOIChvotiZegA==",
      "license": "MIT",
      "dependencies": {
        "sax": ">=0.6.0",
        "xmlbuilder": "~11.0.0"
      },
      "engines": {
        "node": ">=4.0.0"
      }
    },
    "node_modules/xmlbuilder": {
      "version": "11.0.1",
      "resolved": "https://registry.npmjs.org/xmlbuilder/-/xmlbuilder-11.0.1.tgz",
      "integrity": "sha512-fDlsI/kFEx7gLvbecc0/ohLG50fugQp8ryHzMTuW9vSa1GJ0XYWKnhsUx7oie3G98+r56aTQIUB4kht42R3JvA==",
      "license": "MIT",
      "engines": {
        "node": ">=4.0"
      }
    }
  }
}
